
Microsoft Visual Studio Solution File, Format Version 12.00
# Visual Studio 15
Project("{FAE04EC0-301F-11D3-BF4B-00C04F79EFBC}") = "P01-Logger", "P01-Logger.csproj", "{5349435A-078A-4C7B-ACAC-69703E042ED5}"
EndProject
Global
	GlobalSection(SolutionConfigurationPlatforms) = preSolution
		Debug|Any CPU = Debug|Any CPU
		Release|Any CPU = Release|Any CPU
	EndGlobalSection
	GlobalSection(ProjectConfigurationPlatforms) = postSolution
		{5349435A-078A-4C7B-ACAC-69703E042ED5}.Debug|Any CPU.ActiveCfg = Debug|Any CPU
		{5349435A-078A-4C7B-ACAC-69703E042ED5}.Debug|Any CPU.Build.0 = Debug|Any CPU
		{5349435A-078A-4C7B-ACAC-69703E042ED5}.Release|Any CPU.ActiveCfg = Release|Any CPU
		{5349435A-078A-4C7B-ACAC-69703E042ED5}.Release|Any CPU.Build.0 = Release|Any CPU
	EndGlobalSection
EndGlobal
