
Microsoft Visual Studio Solution File, Format Version 12.00
# Visual Studio 15
VisualStudioVersion = 15.0.28307.106
MinimumVisualStudioVersion = 10.0.40219.1
Project("{9A19103F-16F7-4668-BE54-9A1E7A4F7556}") = "P01_Box", "Session_2_Encapsulation_Ex\P01_Box.csproj", "{15381AC1-46B5-4A58-AC38-0F0783742403}"
EndProject
Project("{9A19103F-16F7-4668-BE54-9A1E7A4F7556}") = "P02_AnimalFarm", "P02_Animal_Farm\AnimalFarm\P02_AnimalFarm.csproj", "{D1F737DF-EA7F-46A6-9B2F-2262ED990A8F}"
EndProject
Project("{9A19103F-16F7-4668-BE54-9A1E7A4F7556}") = "P04_Shopping_Spree", "P03_Shopping_Spree\P04_Shopping_Spree.csproj", "{BCB5A4C2-BF6A-4C57-879F-65567B4076A2}"
EndProject
Project("{9A19103F-16F7-4668-BE54-9A1E7A4F7556}") = "P05_Pizza_Calories", "P05_Pizza_Calories\P05_Pizza_Calories.csproj", "{378BB4F0-60CE-41AD-8352-6169A7CCC1D4}"
EndProject
Project("{FAE04EC0-301F-11D3-BF4B-00C04F79EFBC}") = "P06_Football_Team_Generator", "P06_Football_Team_Generator\P06_Football_Team_Generator.csproj", "{57D2BBA2-4790-45CF-B4EA-C76999BF3901}"
EndProject
Global
	GlobalSection(SolutionConfigurationPlatforms) = preSolution
		Debug|Any CPU = Debug|Any CPU
		Release|Any CPU = Release|Any CPU
	EndGlobalSection
	GlobalSection(ProjectConfigurationPlatforms) = postSolution
		{15381AC1-46B5-4A58-AC38-0F0783742403}.Debug|Any CPU.ActiveCfg = Debug|Any CPU
		{15381AC1-46B5-4A58-AC38-0F0783742403}.Debug|Any CPU.Build.0 = Debug|Any CPU
		{15381AC1-46B5-4A58-AC38-0F0783742403}.Release|Any CPU.ActiveCfg = Release|Any CPU
		{15381AC1-46B5-4A58-AC38-0F0783742403}.Release|Any CPU.Build.0 = Release|Any CPU
		{D1F737DF-EA7F-46A6-9B2F-2262ED990A8F}.Debug|Any CPU.ActiveCfg = Debug|Any CPU
		{D1F737DF-EA7F-46A6-9B2F-2262ED990A8F}.Debug|Any CPU.Build.0 = Debug|Any CPU
		{D1F737DF-EA7F-46A6-9B2F-2262ED990A8F}.Release|Any CPU.ActiveCfg = Release|Any CPU
		{D1F737DF-EA7F-46A6-9B2F-2262ED990A8F}.Release|Any CPU.Build.0 = Release|Any CPU
		{BCB5A4C2-BF6A-4C57-879F-65567B4076A2}.Debug|Any CPU.ActiveCfg = Debug|Any CPU
		{BCB5A4C2-BF6A-4C57-879F-65567B4076A2}.Debug|Any CPU.Build.0 = Debug|Any CPU
		{BCB5A4C2-BF6A-4C57-879F-65567B4076A2}.Release|Any CPU.ActiveCfg = Release|Any CPU
		{BCB5A4C2-BF6A-4C57-879F-65567B4076A2}.Release|Any CPU.Build.0 = Release|Any CPU
		{378BB4F0-60CE-41AD-8352-6169A7CCC1D4}.Debug|Any CPU.ActiveCfg = Debug|Any CPU
		{378BB4F0-60CE-41AD-8352-6169A7CCC1D4}.Debug|Any CPU.Build.0 = Debug|Any CPU
		{378BB4F0-60CE-41AD-8352-6169A7CCC1D4}.Release|Any CPU.ActiveCfg = Release|Any CPU
		{378BB4F0-60CE-41AD-8352-6169A7CCC1D4}.Release|Any CPU.Build.0 = Release|Any CPU
		{57D2BBA2-4790-45CF-B4EA-C76999BF3901}.Debug|Any CPU.ActiveCfg = Debug|Any CPU
		{57D2BBA2-4790-45CF-B4EA-C76999BF3901}.Debug|Any CPU.Build.0 = Debug|Any CPU
		{57D2BBA2-4790-45CF-B4EA-C76999BF3901}.Release|Any CPU.ActiveCfg = Release|Any CPU
		{57D2BBA2-4790-45CF-B4EA-C76999BF3901}.Release|Any CPU.Build.0 = Release|Any CPU
	EndGlobalSection
	GlobalSection(SolutionProperties) = preSolution
		HideSolutionNode = FALSE
	EndGlobalSection
	GlobalSection(ExtensibilityGlobals) = postSolution
		SolutionGuid = {C7AB4B2E-2E32-4437-AE59-49472AB5B812}
	EndGlobalSection
EndGlobal
