
Microsoft Visual Studio Solution File, Format Version 12.00
# Visual Studio 15
VisualStudioVersion = 15.0.28307.106
MinimumVisualStudioVersion = 10.0.40219.1
Project("{9A19103F-16F7-4668-BE54-9A1E7A4F7556}") = "Session_5_SOLID_Exercise", "Session_5_Polymorphism_Exercise\Session_5_SOLID_Exercise.csproj", "{EB242CA9-EC63-4859-82C5-6EAEE3C2A408}"
EndProject
Project("{FAE04EC0-301F-11D3-BF4B-00C04F79EFBC}") = "P01_Logger", "P01_Logger\P01_Logger.csproj", "{F881EDFF-28C4-4524-971B-9865959BD3FB}"
EndProject
Global
	GlobalSection(SolutionConfigurationPlatforms) = preSolution
		Debug|Any CPU = Debug|Any CPU
		Release|Any CPU = Release|Any CPU
	EndGlobalSection
	GlobalSection(ProjectConfigurationPlatforms) = postSolution
		{EB242CA9-EC63-4859-82C5-6EAEE3C2A408}.Debug|Any CPU.ActiveCfg = Debug|Any CPU
		{EB242CA9-EC63-4859-82C5-6EAEE3C2A408}.Debug|Any CPU.Build.0 = Debug|Any CPU
		{EB242CA9-EC63-4859-82C5-6EAEE3C2A408}.Release|Any CPU.ActiveCfg = Release|Any CPU
		{EB242CA9-EC63-4859-82C5-6EAEE3C2A408}.Release|Any CPU.Build.0 = Release|Any CPU
		{F881EDFF-28C4-4524-971B-9865959BD3FB}.Debug|Any CPU.ActiveCfg = Debug|Any CPU
		{F881EDFF-28C4-4524-971B-9865959BD3FB}.Debug|Any CPU.Build.0 = Debug|Any CPU
		{F881EDFF-28C4-4524-971B-9865959BD3FB}.Release|Any CPU.ActiveCfg = Release|Any CPU
		{F881EDFF-28C4-4524-971B-9865959BD3FB}.Release|Any CPU.Build.0 = Release|Any CPU
	EndGlobalSection
	GlobalSection(SolutionProperties) = preSolution
		HideSolutionNode = FALSE
	EndGlobalSection
	GlobalSection(ExtensibilityGlobals) = postSolution
		SolutionGuid = {01AD3BEE-AF5D-4C57-B29A-A1EA9D6BAB79}
	EndGlobalSection
EndGlobal
